
Microsoft Visual Studio Solution File, Format Version 12.00
# Visual Studio Version 17
VisualStudioVersion = 17.13.35919.96
MinimumVisualStudioVersion = 10.0.40219.1
Project("{8BC9CEB8-8B4A-11D0-8D11-00A0C91BC942}") = "Ex10-01", "Ex10-01\Ex10-01.vcxproj", "{FB05B0B1-F358-463C-914C-6EFDC668899C}"
EndProject
Project("{8BC9CEB8-8B4A-11D0-8D11-00A0C91BC942}") = "Ex10-02", "Ex10-02\Ex10-02.vcxproj", "{4F5A9DB0-A1C4-4C71-AB69-6D9029F5FA8E}"
EndProject
Project("{8BC9CEB8-8B4A-11D0-8D11-00A0C91BC942}") = "Ex10-03", "Ex10-03\Ex10-03.vcxproj", "{ADA45393-5643-4455-BCD1-0B7BE3D26644}"
EndProject
Project("{8BC9CEB8-8B4A-11D0-8D11-00A0C91BC942}") = "Ex10-04", "Ex10-04\Ex10-04.vcxproj", "{D40D89E9-880D-4176-82DB-1FE2EB500BAD}"
EndProject
Project("{8BC9CEB8-8B4A-11D0-8D11-00A0C91BC942}") = "Ex10-05", "Ex10-05\Ex10-05.vcxproj", "{A2D8E0D4-6CA4-4B89-86BA-CA1F46C2411D}"
EndProject
Project("{8BC9CEB8-8B4A-11D0-8D11-00A0C91BC942}") = "Ex10-06", "Ex10-06\Ex10-06.vcxproj", "{07C240A5-7BD6-40E7-AAFD-1838E2CEF9CB}"
EndProject
Project("{8BC9CEB8-8B4A-11D0-8D11-00A0C91BC942}") = "Ex10-07", "Ex10-07\Ex10-07.vcxproj", "{BE6112B0-1896-473B-9F76-F32260736F37}"
EndProject
Project("{8BC9CEB8-8B4A-11D0-8D11-00A0C91BC942}") = "Ex10-08", "Ex10-08\Ex10-08.vcxproj", "{7B8C5722-23AA-4DEC-80E6-E52E77F163C9}"
EndProject
Project("{8BC9CEB8-8B4A-11D0-8D11-00A0C91BC942}") = "Ex10-09", "Ex10-09\Ex10-09.vcxproj", "{C246EE11-C1A0-4061-AF9D-6DFBFD0F2D45}"
EndProject
Project("{8BC9CEB8-8B4A-11D0-8D11-00A0C91BC942}") = "Ex10-10", "Ex10-10\Ex10-10.vcxproj", "{AA0A7A6A-A751-4704-A16A-031BCB907D77}"
EndProject
Global
	GlobalSection(SolutionConfigurationPlatforms) = preSolution
		Debug|x64 = Debug|x64
		Debug|x86 = Debug|x86
		Release|x64 = Release|x64
		Release|x86 = Release|x86
	EndGlobalSection
	GlobalSection(ProjectConfigurationPlatforms) = postSolution
		{FB05B0B1-F358-463C-914C-6EFDC668899C}.Debug|x64.ActiveCfg = Debug|x64
		{FB05B0B1-F358-463C-914C-6EFDC668899C}.Debug|x64.Build.0 = Debug|x64
		{FB05B0B1-F358-463C-914C-6EFDC668899C}.Debug|x86.ActiveCfg = Debug|Win32
		{FB05B0B1-F358-463C-914C-6EFDC668899C}.Debug|x86.Build.0 = Debug|Win32
		{FB05B0B1-F358-463C-914C-6EFDC668899C}.Release|x64.ActiveCfg = Release|x64
		{FB05B0B1-F358-463C-914C-6EFDC668899C}.Release|x64.Build.0 = Release|x64
		{FB05B0B1-F358-463C-914C-6EFDC668899C}.Release|x86.ActiveCfg = Release|Win32
		{FB05B0B1-F358-463C-914C-6EFDC668899C}.Release|x86.Build.0 = Release|Win32
		{4F5A9DB0-A1C4-4C71-AB69-6D9029F5FA8E}.Debug|x64.ActiveCfg = Debug|x64
		{4F5A9DB0-A1C4-4C71-AB69-6D9029F5FA8E}.Debug|x64.Build.0 = Debug|x64
		{4F5A9DB0-A1C4-4C71-AB69-6D9029F5FA8E}.Debug|x86.ActiveCfg = Debug|Win32
		{4F5A9DB0-A1C4-4C71-AB69-6D9029F5FA8E}.Debug|x86.Build.0 = Debug|Win32
		{4F5A9DB0-A1C4-4C71-AB69-6D9029F5FA8E}.Release|x64.ActiveCfg = Release|x64
		{4F5A9DB0-A1C4-4C71-AB69-6D9029F5FA8E}.Release|x64.Build.0 = Release|x64
		{4F5A9DB0-A1C4-4C71-AB69-6D9029F5FA8E}.Release|x86.ActiveCfg = Release|Win32
		{4F5A9DB0-A1C4-4C71-AB69-6D9029F5FA8E}.Release|x86.Build.0 = Release|Win32
		{ADA45393-5643-4455-BCD1-0B7BE3D26644}.Debug|x64.ActiveCfg = Debug|x64
		{ADA45393-5643-4455-BCD1-0B7BE3D26644}.Debug|x64.Build.0 = Debug|x64
		{ADA45393-5643-4455-BCD1-0B7BE3D26644}.Debug|x86.ActiveCfg = Debug|Win32
		{ADA45393-5643-4455-BCD1-0B7BE3D26644}.Debug|x86.Build.0 = Debug|Win32
		{ADA45393-5643-4455-BCD1-0B7BE3D26644}.Release|x64.ActiveCfg = Release|x64
		{ADA45393-5643-4455-BCD1-0B7BE3D26644}.Release|x64.Build.0 = Release|x64
		{ADA45393-5643-4455-BCD1-0B7BE3D26644}.Release|x86.ActiveCfg = Release|Win32
		{ADA45393-5643-4455-BCD1-0B7BE3D26644}.Release|x86.Build.0 = Release|Win32
		{D40D89E9-880D-4176-82DB-1FE2EB500BAD}.Debug|x64.ActiveCfg = Debug|x64
		{D40D89E9-880D-4176-82DB-1FE2EB500BAD}.Debug|x64.Build.0 = Debug|x64
		{D40D89E9-880D-4176-82DB-1FE2EB500BAD}.Debug|x86.ActiveCfg = Debug|Win32
		{D40D89E9-880D-4176-82DB-1FE2EB500BAD}.Debug|x86.Build.0 = Debug|Win32
		{D40D89E9-880D-4176-82DB-1FE2EB500BAD}.Release|x64.ActiveCfg = Release|x64
		{D40D89E9-880D-4176-82DB-1FE2EB500BAD}.Release|x64.Build.0 = Release|x64
		{D40D89E9-880D-4176-82DB-1FE2EB500BAD}.Release|x86.ActiveCfg = Release|Win32
		{D40D89E9-880D-4176-82DB-1FE2EB500BAD}.Release|x86.Build.0 = Release|Win32
		{A2D8E0D4-6CA4-4B89-86BA-CA1F46C2411D}.Debug|x64.ActiveCfg = Debug|x64
		{A2D8E0D4-6CA4-4B89-86BA-CA1F46C2411D}.Debug|x64.Build.0 = Debug|x64
		{A2D8E0D4-6CA4-4B89-86BA-CA1F46C2411D}.Debug|x86.ActiveCfg = Debug|Win32
		{A2D8E0D4-6CA4-4B89-86BA-CA1F46C2411D}.Debug|x86.Build.0 = Debug|Win32
		{A2D8E0D4-6CA4-4B89-86BA-CA1F46C2411D}.Release|x64.ActiveCfg = Release|x64
		{A2D8E0D4-6CA4-4B89-86BA-CA1F46C2411D}.Release|x64.Build.0 = Release|x64
		{A2D8E0D4-6CA4-4B89-86BA-CA1F46C2411D}.Release|x86.ActiveCfg = Release|Win32
		{A2D8E0D4-6CA4-4B89-86BA-CA1F46C2411D}.Release|x86.Build.0 = Release|Win32
		{07C240A5-7BD6-40E7-AAFD-1838E2CEF9CB}.Debug|x64.ActiveCfg = Debug|x64
		{07C240A5-7BD6-40E7-AAFD-1838E2CEF9CB}.Debug|x64.Build.0 = Debug|x64
		{07C240A5-7BD6-40E7-AAFD-1838E2CEF9CB}.Debug|x86.ActiveCfg = Debug|Win32
		{07C240A5-7BD6-40E7-AAFD-1838E2CEF9CB}.Debug|x86.Build.0 = Debug|Win32
		{07C240A5-7BD6-40E7-AAFD-1838E2CEF9CB}.Release|x64.ActiveCfg = Release|x64
		{07C240A5-7BD6-40E7-AAFD-1838E2CEF9CB}.Release|x64.Build.0 = Release|x64
		{07C240A5-7BD6-40E7-AAFD-1838E2CEF9CB}.Release|x86.ActiveCfg = Release|Win32
		{07C240A5-7BD6-40E7-AAFD-1838E2CEF9CB}.Release|x86.Build.0 = Release|Win32
		{BE6112B0-1896-473B-9F76-F32260736F37}.Debug|x64.ActiveCfg = Debug|x64
		{BE6112B0-1896-473B-9F76-F32260736F37}.Debug|x64.Build.0 = Debug|x64
		{BE6112B0-1896-473B-9F76-F32260736F37}.Debug|x86.ActiveCfg = Debug|Win32
		{BE6112B0-1896-473B-9F76-F32260736F37}.Debug|x86.Build.0 = Debug|Win32
		{BE6112B0-1896-473B-9F76-F32260736F37}.Release|x64.ActiveCfg = Release|x64
		{BE6112B0-1896-473B-9F76-F32260736F37}.Release|x64.Build.0 = Release|x64
		{BE6112B0-1896-473B-9F76-F32260736F37}.Release|x86.ActiveCfg = Release|Win32
		{BE6112B0-1896-473B-9F76-F32260736F37}.Release|x86.Build.0 = Release|Win32
		{7B8C5722-23AA-4DEC-80E6-E52E77F163C9}.Debug|x64.ActiveCfg = Debug|x64
		{7B8C5722-23AA-4DEC-80E6-E52E77F163C9}.Debug|x64.Build.0 = Debug|x64
		{7B8C5722-23AA-4DEC-80E6-E52E77F163C9}.Debug|x86.ActiveCfg = Debug|Win32
		{7B8C5722-23AA-4DEC-80E6-E52E77F163C9}.Debug|x86.Build.0 = Debug|Win32
		{7B8C5722-23AA-4DEC-80E6-E52E77F163C9}.Release|x64.ActiveCfg = Release|x64
		{7B8C5722-23AA-4DEC-80E6-E52E77F163C9}.Release|x64.Build.0 = Release|x64
		{7B8C5722-23AA-4DEC-80E6-E52E77F163C9}.Release|x86.ActiveCfg = Release|Win32
		{7B8C5722-23AA-4DEC-80E6-E52E77F163C9}.Release|x86.Build.0 = Release|Win32
		{C246EE11-C1A0-4061-AF9D-6DFBFD0F2D45}.Debug|x64.ActiveCfg = Debug|x64
		{C246EE11-C1A0-4061-AF9D-6DFBFD0F2D45}.Debug|x64.Build.0 = Debug|x64
		{C246EE11-C1A0-4061-AF9D-6DFBFD0F2D45}.Debug|x86.ActiveCfg = Debug|Win32
		{C246EE11-C1A0-4061-AF9D-6DFBFD0F2D45}.Debug|x86.Build.0 = Debug|Win32
		{C246EE11-C1A0-4061-AF9D-6DFBFD0F2D45}.Release|x64.ActiveCfg = Release|x64
		{C246EE11-C1A0-4061-AF9D-6DFBFD0F2D45}.Release|x64.Build.0 = Release|x64
		{C246EE11-C1A0-4061-AF9D-6DFBFD0F2D45}.Release|x86.ActiveCfg = Release|Win32
		{C246EE11-C1A0-4061-AF9D-6DFBFD0F2D45}.Release|x86.Build.0 = Release|Win32
		{AA0A7A6A-A751-4704-A16A-031BCB907D77}.Debug|x64.ActiveCfg = Debug|x64
		{AA0A7A6A-A751-4704-A16A-031BCB907D77}.Debug|x64.Build.0 = Debug|x64
		{AA0A7A6A-A751-4704-A16A-031BCB907D77}.Debug|x86.ActiveCfg = Debug|Win32
		{AA0A7A6A-A751-4704-A16A-031BCB907D77}.Debug|x86.Build.0 = Debug|Win32
		{AA0A7A6A-A751-4704-A16A-031BCB907D77}.Release|x64.ActiveCfg = Release|x64
		{AA0A7A6A-A751-4704-A16A-031BCB907D77}.Release|x64.Build.0 = Release|x64
		{AA0A7A6A-A751-4704-A16A-031BCB907D77}.Release|x86.ActiveCfg = Release|Win32
		{AA0A7A6A-A751-4704-A16A-031BCB907D77}.Release|x86.Build.0 = Release|Win32
	EndGlobalSection
	GlobalSection(SolutionProperties) = preSolution
		HideSolutionNode = FALSE
	EndGlobalSection
	GlobalSection(ExtensibilityGlobals) = postSolution
		SolutionGuid = {63338D7C-5439-4DEA-ABA9-93E9CC30FDB9}
	EndGlobalSection
EndGlobal
