
Microsoft Visual Studio Solution File, Format Version 12.00
# Visual Studio Version 17
VisualStudioVersion = 17.13.35919.96 d17.13
MinimumVisualStudioVersion = 10.0.40219.1
Project("{8BC9CEB8-8B4A-11D0-8D11-00A0C91BC942}") = "Ex4-1", "Ex4-1\Ex4-1.vcxproj", "{7727C4C4-BE66-4D92-8D08-127A484A7B82}"
EndProject
Project("{8BC9CEB8-8B4A-11D0-8D11-00A0C91BC942}") = "Ex4-2", "Ex4-2\Ex4-2.vcxproj", "{D24905F0-1B8D-44E9-A3F4-14C1329B21CB}"
EndProject
Project("{8BC9CEB8-8B4A-11D0-8D11-00A0C91BC942}") = "Ex4-3", "Ex4-3\Ex4-3.vcxproj", "{7BBD30ED-6C8F-4F32-97FB-E9D950851500}"
EndProject
Project("{8BC9CEB8-8B4A-11D0-8D11-00A0C91BC942}") = "Ex4-4", "Ex4-4\Ex4-4.vcxproj", "{37243C35-B252-4215-A5F5-5FFB3F2CC3BA}"
EndProject
Project("{8BC9CEB8-8B4A-11D0-8D11-00A0C91BC942}") = "Ex4-5", "Ex4-5\Ex4-5.vcxproj", "{015FED8C-FF53-4C60-88BE-FE8662AE795A}"
EndProject
Project("{8BC9CEB8-8B4A-11D0-8D11-00A0C91BC942}") = "Ex4-6", "Ex4-6\Ex4-6.vcxproj", "{CAC01D31-7BC2-4E74-869F-810CBA4093A8}"
EndProject
Project("{8BC9CEB8-8B4A-11D0-8D11-00A0C91BC942}") = "Ex4-7", "Ex4-7\Ex4-7.vcxproj", "{0EDCB2D7-E863-44E7-AA4B-506746BBBE46}"
EndProject
Global
	GlobalSection(SolutionConfigurationPlatforms) = preSolution
		Debug|x64 = Debug|x64
		Debug|x86 = Debug|x86
		Release|x64 = Release|x64
		Release|x86 = Release|x86
	EndGlobalSection
	GlobalSection(ProjectConfigurationPlatforms) = postSolution
		{7727C4C4-BE66-4D92-8D08-127A484A7B82}.Debug|x64.ActiveCfg = Debug|x64
		{7727C4C4-BE66-4D92-8D08-127A484A7B82}.Debug|x64.Build.0 = Debug|x64
		{7727C4C4-BE66-4D92-8D08-127A484A7B82}.Debug|x86.ActiveCfg = Debug|Win32
		{7727C4C4-BE66-4D92-8D08-127A484A7B82}.Debug|x86.Build.0 = Debug|Win32
		{7727C4C4-BE66-4D92-8D08-127A484A7B82}.Release|x64.ActiveCfg = Release|x64
		{7727C4C4-BE66-4D92-8D08-127A484A7B82}.Release|x64.Build.0 = Release|x64
		{7727C4C4-BE66-4D92-8D08-127A484A7B82}.Release|x86.ActiveCfg = Release|Win32
		{7727C4C4-BE66-4D92-8D08-127A484A7B82}.Release|x86.Build.0 = Release|Win32
		{D24905F0-1B8D-44E9-A3F4-14C1329B21CB}.Debug|x64.ActiveCfg = Debug|x64
		{D24905F0-1B8D-44E9-A3F4-14C1329B21CB}.Debug|x64.Build.0 = Debug|x64
		{D24905F0-1B8D-44E9-A3F4-14C1329B21CB}.Debug|x86.ActiveCfg = Debug|Win32
		{D24905F0-1B8D-44E9-A3F4-14C1329B21CB}.Debug|x86.Build.0 = Debug|Win32
		{D24905F0-1B8D-44E9-A3F4-14C1329B21CB}.Release|x64.ActiveCfg = Release|x64
		{D24905F0-1B8D-44E9-A3F4-14C1329B21CB}.Release|x64.Build.0 = Release|x64
		{D24905F0-1B8D-44E9-A3F4-14C1329B21CB}.Release|x86.ActiveCfg = Release|Win32
		{D24905F0-1B8D-44E9-A3F4-14C1329B21CB}.Release|x86.Build.0 = Release|Win32
		{7BBD30ED-6C8F-4F32-97FB-E9D950851500}.Debug|x64.ActiveCfg = Debug|x64
		{7BBD30ED-6C8F-4F32-97FB-E9D950851500}.Debug|x64.Build.0 = Debug|x64
		{7BBD30ED-6C8F-4F32-97FB-E9D950851500}.Debug|x86.ActiveCfg = Debug|Win32
		{7BBD30ED-6C8F-4F32-97FB-E9D950851500}.Debug|x86.Build.0 = Debug|Win32
		{7BBD30ED-6C8F-4F32-97FB-E9D950851500}.Release|x64.ActiveCfg = Release|x64
		{7BBD30ED-6C8F-4F32-97FB-E9D950851500}.Release|x64.Build.0 = Release|x64
		{7BBD30ED-6C8F-4F32-97FB-E9D950851500}.Release|x86.ActiveCfg = Release|Win32
		{7BBD30ED-6C8F-4F32-97FB-E9D950851500}.Release|x86.Build.0 = Release|Win32
		{37243C35-B252-4215-A5F5-5FFB3F2CC3BA}.Debug|x64.ActiveCfg = Debug|x64
		{37243C35-B252-4215-A5F5-5FFB3F2CC3BA}.Debug|x64.Build.0 = Debug|x64
		{37243C35-B252-4215-A5F5-5FFB3F2CC3BA}.Debug|x86.ActiveCfg = Debug|Win32
		{37243C35-B252-4215-A5F5-5FFB3F2CC3BA}.Debug|x86.Build.0 = Debug|Win32
		{37243C35-B252-4215-A5F5-5FFB3F2CC3BA}.Release|x64.ActiveCfg = Release|x64
		{37243C35-B252-4215-A5F5-5FFB3F2CC3BA}.Release|x64.Build.0 = Release|x64
		{37243C35-B252-4215-A5F5-5FFB3F2CC3BA}.Release|x86.ActiveCfg = Release|Win32
		{37243C35-B252-4215-A5F5-5FFB3F2CC3BA}.Release|x86.Build.0 = Release|Win32
		{015FED8C-FF53-4C60-88BE-FE8662AE795A}.Debug|x64.ActiveCfg = Debug|x64
		{015FED8C-FF53-4C60-88BE-FE8662AE795A}.Debug|x64.Build.0 = Debug|x64
		{015FED8C-FF53-4C60-88BE-FE8662AE795A}.Debug|x86.ActiveCfg = Debug|Win32
		{015FED8C-FF53-4C60-88BE-FE8662AE795A}.Debug|x86.Build.0 = Debug|Win32
		{015FED8C-FF53-4C60-88BE-FE8662AE795A}.Release|x64.ActiveCfg = Release|x64
		{015FED8C-FF53-4C60-88BE-FE8662AE795A}.Release|x64.Build.0 = Release|x64
		{015FED8C-FF53-4C60-88BE-FE8662AE795A}.Release|x86.ActiveCfg = Release|Win32
		{015FED8C-FF53-4C60-88BE-FE8662AE795A}.Release|x86.Build.0 = Release|Win32
		{CAC01D31-7BC2-4E74-869F-810CBA4093A8}.Debug|x64.ActiveCfg = Debug|x64
		{CAC01D31-7BC2-4E74-869F-810CBA4093A8}.Debug|x64.Build.0 = Debug|x64
		{CAC01D31-7BC2-4E74-869F-810CBA4093A8}.Debug|x86.ActiveCfg = Debug|Win32
		{CAC01D31-7BC2-4E74-869F-810CBA4093A8}.Debug|x86.Build.0 = Debug|Win32
		{CAC01D31-7BC2-4E74-869F-810CBA4093A8}.Release|x64.ActiveCfg = Release|x64
		{CAC01D31-7BC2-4E74-869F-810CBA4093A8}.Release|x64.Build.0 = Release|x64
		{CAC01D31-7BC2-4E74-869F-810CBA4093A8}.Release|x86.ActiveCfg = Release|Win32
		{CAC01D31-7BC2-4E74-869F-810CBA4093A8}.Release|x86.Build.0 = Release|Win32
		{0EDCB2D7-E863-44E7-AA4B-506746BBBE46}.Debug|x64.ActiveCfg = Debug|x64
		{0EDCB2D7-E863-44E7-AA4B-506746BBBE46}.Debug|x64.Build.0 = Debug|x64
		{0EDCB2D7-E863-44E7-AA4B-506746BBBE46}.Debug|x86.ActiveCfg = Debug|Win32
		{0EDCB2D7-E863-44E7-AA4B-506746BBBE46}.Debug|x86.Build.0 = Debug|Win32
		{0EDCB2D7-E863-44E7-AA4B-506746BBBE46}.Release|x64.ActiveCfg = Release|x64
		{0EDCB2D7-E863-44E7-AA4B-506746BBBE46}.Release|x64.Build.0 = Release|x64
		{0EDCB2D7-E863-44E7-AA4B-506746BBBE46}.Release|x86.ActiveCfg = Release|Win32
		{0EDCB2D7-E863-44E7-AA4B-506746BBBE46}.Release|x86.Build.0 = Release|Win32
	EndGlobalSection
	GlobalSection(SolutionProperties) = preSolution
		HideSolutionNode = FALSE
	EndGlobalSection
	GlobalSection(ExtensibilityGlobals) = postSolution
		SolutionGuid = {1E5DAD63-81F3-47D5-9895-0A9C1BA3ACA0}
	EndGlobalSection
EndGlobal
