
Microsoft Visual Studio Solution File, Format Version 12.00
# Visual Studio Version 17
VisualStudioVersion = 17.13.35919.96 d17.13
MinimumVisualStudioVersion = 10.0.40219.1
Project("{8BC9CEB8-8B4A-11D0-8D11-00A0C91BC942}") = "Ex4-1", "Ex4-1\Ex4-1.vcxproj", "{7727C4C4-BE66-4D92-8D08-127A484A7B82}"
EndProject
Project("{8BC9CEB8-8B4A-11D0-8D11-00A0C91BC942}") = "Ex4-2", "Ex4-2\Ex4-2.vcxproj", "{D24905F0-1B8D-44E9-A3F4-14C1329B21CB}"
EndProject
Project("{8BC9CEB8-8B4A-11D0-8D11-00A0C91BC942}") = "Ex4-3", "Ex4-3\Ex4-3.vcxproj", "{7BBD30ED-6C8F-4F32-97FB-E9D950851500}"
EndProject
Project("{8BC9CEB8-8B4A-11D0-8D11-00A0C91BC942}") = "Ex4-4", "Ex4-4\Ex4-4.vcxproj", "{37243C35-B252-4215-A5F5-5FFB3F2CC3BA}"
EndProject
Project("{8BC9CEB8-8B4A-11D0-8D11-00A0C91BC942}") = "Ex4-5", "Ex4-5\Ex4-5.vcxproj", "{015FED8C-FF53-4C60-88BE-FE8662AE795A}"
EndProject
Project("{8BC9CEB8-8B4A-11D0-8D11-00A0C91BC942}") = "Ex4-6", "Ex4-6\Ex4-6.vcxproj", "{CAC01D31-7BC2-4E74-869F-810CBA4093A8}"
EndProject
Project("{8BC9CEB8-8B4A-11D0-8D11-00A0C91BC942}") = "Ex4-7", "Ex4-7\Ex4-7.vcxproj", "{0EDCB2D7-E863-44E7-AA4B-506746BBBE46}"
EndProject
Project("{8BC9CEB8-8B4A-11D0-8D11-00A0C91BC942}") = "Ex4-8", "Ex4-8\Ex4-8.vcxproj", "{E66BD9D7-0B0F-422B-AE28-EDCC5A082B0D}"
EndProject
Project("{8BC9CEB8-8B4A-11D0-8D11-00A0C91BC942}") = "Ex4-9", "Ex4-9\Ex4-9.vcxproj", "{5E55B23C-FC48-44D6-B939-22275BEDDA77}"
EndProject
Project("{8BC9CEB8-8B4A-11D0-8D11-00A0C91BC942}") = "F4-10", "F4-10\F4-10.vcxproj", "{98BE96E4-77D7-4A9F-9420-E0CB575FC149}"
EndProject
Project("{8BC9CEB8-8B4A-11D0-8D11-00A0C91BC942}") = "F4-11", "F4-11\F4-11.vcxproj", "{C5AA5C65-939E-4556-8B4A-5D31BF1DE574}"
EndProject
Project("{8BC9CEB8-8B4A-11D0-8D11-00A0C91BC942}") = "F4-11-01-Grade", "F4-11-01-Grade\F4-11-01-Grade.vcxproj", "{F4448775-3B77-4C43-961B-075E5435A930}"
EndProject
Project("{8BC9CEB8-8B4A-11D0-8D11-00A0C91BC942}") = "F4-12", "F4-12\F4-12.vcxproj", "{0FA6CC5C-2A3B-4EA8-AE04-7B1188AADA05}"
EndProject
Project("{8BC9CEB8-8B4A-11D0-8D11-00A0C91BC942}") = "F4-13", "F4-13\F4-13.vcxproj", "{B3734DEE-FE9F-47F9-81D2-C3CD8805EE50}"
EndProject
Project("{8BC9CEB8-8B4A-11D0-8D11-00A0C91BC942}") = "F4-14", "F4-14\F4-14.vcxproj", "{ECC2E5D4-5C6F-4FD4-AE82-243333BA784D}"
EndProject
Project("{8BC9CEB8-8B4A-11D0-8D11-00A0C91BC942}") = "F4-14-01-Electric", "F4-14-01-Electric\F4-14-01-Electric.vcxproj", "{BA3C8717-E753-4D64-BB0C-1835DE330CD5}"
EndProject
Project("{8BC9CEB8-8B4A-11D0-8D11-00A0C91BC942}") = "F4-14-02-RGB", "F4-14-02-RGB\F4-14-02-RGB.vcxproj", "{16B1BCDD-7DF3-4009-9626-D88C83DB54F0}"
EndProject
Project("{8BC9CEB8-8B4A-11D0-8D11-00A0C91BC942}") = "F4-15", "F4-15\F4-15.vcxproj", "{078096DE-A538-4289-9E35-2633C0D9C962}"
EndProject
Global
	GlobalSection(SolutionConfigurationPlatforms) = preSolution
		Debug|x64 = Debug|x64
		Debug|x86 = Debug|x86
		Release|x64 = Release|x64
		Release|x86 = Release|x86
	EndGlobalSection
	GlobalSection(ProjectConfigurationPlatforms) = postSolution
		{7727C4C4-BE66-4D92-8D08-127A484A7B82}.Debug|x64.ActiveCfg = Debug|x64
		{7727C4C4-BE66-4D92-8D08-127A484A7B82}.Debug|x64.Build.0 = Debug|x64
		{7727C4C4-BE66-4D92-8D08-127A484A7B82}.Debug|x86.ActiveCfg = Debug|Win32
		{7727C4C4-BE66-4D92-8D08-127A484A7B82}.Debug|x86.Build.0 = Debug|Win32
		{7727C4C4-BE66-4D92-8D08-127A484A7B82}.Release|x64.ActiveCfg = Release|x64
		{7727C4C4-BE66-4D92-8D08-127A484A7B82}.Release|x64.Build.0 = Release|x64
		{7727C4C4-BE66-4D92-8D08-127A484A7B82}.Release|x86.ActiveCfg = Release|Win32
		{7727C4C4-BE66-4D92-8D08-127A484A7B82}.Release|x86.Build.0 = Release|Win32
		{D24905F0-1B8D-44E9-A3F4-14C1329B21CB}.Debug|x64.ActiveCfg = Debug|x64
		{D24905F0-1B8D-44E9-A3F4-14C1329B21CB}.Debug|x64.Build.0 = Debug|x64
		{D24905F0-1B8D-44E9-A3F4-14C1329B21CB}.Debug|x86.ActiveCfg = Debug|Win32
		{D24905F0-1B8D-44E9-A3F4-14C1329B21CB}.Debug|x86.Build.0 = Debug|Win32
		{D24905F0-1B8D-44E9-A3F4-14C1329B21CB}.Release|x64.ActiveCfg = Release|x64
		{D24905F0-1B8D-44E9-A3F4-14C1329B21CB}.Release|x64.Build.0 = Release|x64
		{D24905F0-1B8D-44E9-A3F4-14C1329B21CB}.Release|x86.ActiveCfg = Release|Win32
		{D24905F0-1B8D-44E9-A3F4-14C1329B21CB}.Release|x86.Build.0 = Release|Win32
		{7BBD30ED-6C8F-4F32-97FB-E9D950851500}.Debug|x64.ActiveCfg = Debug|x64
		{7BBD30ED-6C8F-4F32-97FB-E9D950851500}.Debug|x64.Build.0 = Debug|x64
		{7BBD30ED-6C8F-4F32-97FB-E9D950851500}.Debug|x86.ActiveCfg = Debug|Win32
		{7BBD30ED-6C8F-4F32-97FB-E9D950851500}.Debug|x86.Build.0 = Debug|Win32
		{7BBD30ED-6C8F-4F32-97FB-E9D950851500}.Release|x64.ActiveCfg = Release|x64
		{7BBD30ED-6C8F-4F32-97FB-E9D950851500}.Release|x64.Build.0 = Release|x64
		{7BBD30ED-6C8F-4F32-97FB-E9D950851500}.Release|x86.ActiveCfg = Release|Win32
		{7BBD30ED-6C8F-4F32-97FB-E9D950851500}.Release|x86.Build.0 = Release|Win32
		{37243C35-B252-4215-A5F5-5FFB3F2CC3BA}.Debug|x64.ActiveCfg = Debug|x64
		{37243C35-B252-4215-A5F5-5FFB3F2CC3BA}.Debug|x64.Build.0 = Debug|x64
		{37243C35-B252-4215-A5F5-5FFB3F2CC3BA}.Debug|x86.ActiveCfg = Debug|Win32
		{37243C35-B252-4215-A5F5-5FFB3F2CC3BA}.Debug|x86.Build.0 = Debug|Win32
		{37243C35-B252-4215-A5F5-5FFB3F2CC3BA}.Release|x64.ActiveCfg = Release|x64
		{37243C35-B252-4215-A5F5-5FFB3F2CC3BA}.Release|x64.Build.0 = Release|x64
		{37243C35-B252-4215-A5F5-5FFB3F2CC3BA}.Release|x86.ActiveCfg = Release|Win32
		{37243C35-B252-4215-A5F5-5FFB3F2CC3BA}.Release|x86.Build.0 = Release|Win32
		{015FED8C-FF53-4C60-88BE-FE8662AE795A}.Debug|x64.ActiveCfg = Debug|x64
		{015FED8C-FF53-4C60-88BE-FE8662AE795A}.Debug|x64.Build.0 = Debug|x64
		{015FED8C-FF53-4C60-88BE-FE8662AE795A}.Debug|x86.ActiveCfg = Debug|Win32
		{015FED8C-FF53-4C60-88BE-FE8662AE795A}.Debug|x86.Build.0 = Debug|Win32
		{015FED8C-FF53-4C60-88BE-FE8662AE795A}.Release|x64.ActiveCfg = Release|x64
		{015FED8C-FF53-4C60-88BE-FE8662AE795A}.Release|x64.Build.0 = Release|x64
		{015FED8C-FF53-4C60-88BE-FE8662AE795A}.Release|x86.ActiveCfg = Release|Win32
		{015FED8C-FF53-4C60-88BE-FE8662AE795A}.Release|x86.Build.0 = Release|Win32
		{CAC01D31-7BC2-4E74-869F-810CBA4093A8}.Debug|x64.ActiveCfg = Debug|x64
		{CAC01D31-7BC2-4E74-869F-810CBA4093A8}.Debug|x64.Build.0 = Debug|x64
		{CAC01D31-7BC2-4E74-869F-810CBA4093A8}.Debug|x86.ActiveCfg = Debug|Win32
		{CAC01D31-7BC2-4E74-869F-810CBA4093A8}.Debug|x86.Build.0 = Debug|Win32
		{CAC01D31-7BC2-4E74-869F-810CBA4093A8}.Release|x64.ActiveCfg = Release|x64
		{CAC01D31-7BC2-4E74-869F-810CBA4093A8}.Release|x64.Build.0 = Release|x64
		{CAC01D31-7BC2-4E74-869F-810CBA4093A8}.Release|x86.ActiveCfg = Release|Win32
		{CAC01D31-7BC2-4E74-869F-810CBA4093A8}.Release|x86.Build.0 = Release|Win32
		{0EDCB2D7-E863-44E7-AA4B-506746BBBE46}.Debug|x64.ActiveCfg = Debug|x64
		{0EDCB2D7-E863-44E7-AA4B-506746BBBE46}.Debug|x64.Build.0 = Debug|x64
		{0EDCB2D7-E863-44E7-AA4B-506746BBBE46}.Debug|x86.ActiveCfg = Debug|Win32
		{0EDCB2D7-E863-44E7-AA4B-506746BBBE46}.Debug|x86.Build.0 = Debug|Win32
		{0EDCB2D7-E863-44E7-AA4B-506746BBBE46}.Release|x64.ActiveCfg = Release|x64
		{0EDCB2D7-E863-44E7-AA4B-506746BBBE46}.Release|x64.Build.0 = Release|x64
		{0EDCB2D7-E863-44E7-AA4B-506746BBBE46}.Release|x86.ActiveCfg = Release|Win32
		{0EDCB2D7-E863-44E7-AA4B-506746BBBE46}.Release|x86.Build.0 = Release|Win32
		{E66BD9D7-0B0F-422B-AE28-EDCC5A082B0D}.Debug|x64.ActiveCfg = Debug|x64
		{E66BD9D7-0B0F-422B-AE28-EDCC5A082B0D}.Debug|x64.Build.0 = Debug|x64
		{E66BD9D7-0B0F-422B-AE28-EDCC5A082B0D}.Debug|x86.ActiveCfg = Debug|Win32
		{E66BD9D7-0B0F-422B-AE28-EDCC5A082B0D}.Debug|x86.Build.0 = Debug|Win32
		{E66BD9D7-0B0F-422B-AE28-EDCC5A082B0D}.Release|x64.ActiveCfg = Release|x64
		{E66BD9D7-0B0F-422B-AE28-EDCC5A082B0D}.Release|x64.Build.0 = Release|x64
		{E66BD9D7-0B0F-422B-AE28-EDCC5A082B0D}.Release|x86.ActiveCfg = Release|Win32
		{E66BD9D7-0B0F-422B-AE28-EDCC5A082B0D}.Release|x86.Build.0 = Release|Win32
		{5E55B23C-FC48-44D6-B939-22275BEDDA77}.Debug|x64.ActiveCfg = Debug|x64
		{5E55B23C-FC48-44D6-B939-22275BEDDA77}.Debug|x64.Build.0 = Debug|x64
		{5E55B23C-FC48-44D6-B939-22275BEDDA77}.Debug|x86.ActiveCfg = Debug|Win32
		{5E55B23C-FC48-44D6-B939-22275BEDDA77}.Debug|x86.Build.0 = Debug|Win32
		{5E55B23C-FC48-44D6-B939-22275BEDDA77}.Release|x64.ActiveCfg = Release|x64
		{5E55B23C-FC48-44D6-B939-22275BEDDA77}.Release|x64.Build.0 = Release|x64
		{5E55B23C-FC48-44D6-B939-22275BEDDA77}.Release|x86.ActiveCfg = Release|Win32
		{5E55B23C-FC48-44D6-B939-22275BEDDA77}.Release|x86.Build.0 = Release|Win32
		{98BE96E4-77D7-4A9F-9420-E0CB575FC149}.Debug|x64.ActiveCfg = Debug|x64
		{98BE96E4-77D7-4A9F-9420-E0CB575FC149}.Debug|x64.Build.0 = Debug|x64
		{98BE96E4-77D7-4A9F-9420-E0CB575FC149}.Debug|x86.ActiveCfg = Debug|Win32
		{98BE96E4-77D7-4A9F-9420-E0CB575FC149}.Debug|x86.Build.0 = Debug|Win32
		{98BE96E4-77D7-4A9F-9420-E0CB575FC149}.Release|x64.ActiveCfg = Release|x64
		{98BE96E4-77D7-4A9F-9420-E0CB575FC149}.Release|x64.Build.0 = Release|x64
		{98BE96E4-77D7-4A9F-9420-E0CB575FC149}.Release|x86.ActiveCfg = Release|Win32
		{98BE96E4-77D7-4A9F-9420-E0CB575FC149}.Release|x86.Build.0 = Release|Win32
		{C5AA5C65-939E-4556-8B4A-5D31BF1DE574}.Debug|x64.ActiveCfg = Debug|x64
		{C5AA5C65-939E-4556-8B4A-5D31BF1DE574}.Debug|x64.Build.0 = Debug|x64
		{C5AA5C65-939E-4556-8B4A-5D31BF1DE574}.Debug|x86.ActiveCfg = Debug|Win32
		{C5AA5C65-939E-4556-8B4A-5D31BF1DE574}.Debug|x86.Build.0 = Debug|Win32
		{C5AA5C65-939E-4556-8B4A-5D31BF1DE574}.Release|x64.ActiveCfg = Release|x64
		{C5AA5C65-939E-4556-8B4A-5D31BF1DE574}.Release|x64.Build.0 = Release|x64
		{C5AA5C65-939E-4556-8B4A-5D31BF1DE574}.Release|x86.ActiveCfg = Release|Win32
		{C5AA5C65-939E-4556-8B4A-5D31BF1DE574}.Release|x86.Build.0 = Release|Win32
		{F4448775-3B77-4C43-961B-075E5435A930}.Debug|x64.ActiveCfg = Debug|x64
		{F4448775-3B77-4C43-961B-075E5435A930}.Debug|x64.Build.0 = Debug|x64
		{F4448775-3B77-4C43-961B-075E5435A930}.Debug|x86.ActiveCfg = Debug|Win32
		{F4448775-3B77-4C43-961B-075E5435A930}.Debug|x86.Build.0 = Debug|Win32
		{F4448775-3B77-4C43-961B-075E5435A930}.Release|x64.ActiveCfg = Release|x64
		{F4448775-3B77-4C43-961B-075E5435A930}.Release|x64.Build.0 = Release|x64
		{F4448775-3B77-4C43-961B-075E5435A930}.Release|x86.ActiveCfg = Release|Win32
		{F4448775-3B77-4C43-961B-075E5435A930}.Release|x86.Build.0 = Release|Win32
		{0FA6CC5C-2A3B-4EA8-AE04-7B1188AADA05}.Debug|x64.ActiveCfg = Debug|x64
		{0FA6CC5C-2A3B-4EA8-AE04-7B1188AADA05}.Debug|x64.Build.0 = Debug|x64
		{0FA6CC5C-2A3B-4EA8-AE04-7B1188AADA05}.Debug|x86.ActiveCfg = Debug|Win32
		{0FA6CC5C-2A3B-4EA8-AE04-7B1188AADA05}.Debug|x86.Build.0 = Debug|Win32
		{0FA6CC5C-2A3B-4EA8-AE04-7B1188AADA05}.Release|x64.ActiveCfg = Release|x64
		{0FA6CC5C-2A3B-4EA8-AE04-7B1188AADA05}.Release|x64.Build.0 = Release|x64
		{0FA6CC5C-2A3B-4EA8-AE04-7B1188AADA05}.Release|x86.ActiveCfg = Release|Win32
		{0FA6CC5C-2A3B-4EA8-AE04-7B1188AADA05}.Release|x86.Build.0 = Release|Win32
		{B3734DEE-FE9F-47F9-81D2-C3CD8805EE50}.Debug|x64.ActiveCfg = Debug|x64
		{B3734DEE-FE9F-47F9-81D2-C3CD8805EE50}.Debug|x64.Build.0 = Debug|x64
		{B3734DEE-FE9F-47F9-81D2-C3CD8805EE50}.Debug|x86.ActiveCfg = Debug|Win32
		{B3734DEE-FE9F-47F9-81D2-C3CD8805EE50}.Debug|x86.Build.0 = Debug|Win32
		{B3734DEE-FE9F-47F9-81D2-C3CD8805EE50}.Release|x64.ActiveCfg = Release|x64
		{B3734DEE-FE9F-47F9-81D2-C3CD8805EE50}.Release|x64.Build.0 = Release|x64
		{B3734DEE-FE9F-47F9-81D2-C3CD8805EE50}.Release|x86.ActiveCfg = Release|Win32
		{B3734DEE-FE9F-47F9-81D2-C3CD8805EE50}.Release|x86.Build.0 = Release|Win32
		{ECC2E5D4-5C6F-4FD4-AE82-243333BA784D}.Debug|x64.ActiveCfg = Debug|x64
		{ECC2E5D4-5C6F-4FD4-AE82-243333BA784D}.Debug|x64.Build.0 = Debug|x64
		{ECC2E5D4-5C6F-4FD4-AE82-243333BA784D}.Debug|x86.ActiveCfg = Debug|Win32
		{ECC2E5D4-5C6F-4FD4-AE82-243333BA784D}.Debug|x86.Build.0 = Debug|Win32
		{ECC2E5D4-5C6F-4FD4-AE82-243333BA784D}.Release|x64.ActiveCfg = Release|x64
		{ECC2E5D4-5C6F-4FD4-AE82-243333BA784D}.Release|x64.Build.0 = Release|x64
		{ECC2E5D4-5C6F-4FD4-AE82-243333BA784D}.Release|x86.ActiveCfg = Release|Win32
		{ECC2E5D4-5C6F-4FD4-AE82-243333BA784D}.Release|x86.Build.0 = Release|Win32
		{BA3C8717-E753-4D64-BB0C-1835DE330CD5}.Debug|x64.ActiveCfg = Debug|x64
		{BA3C8717-E753-4D64-BB0C-1835DE330CD5}.Debug|x64.Build.0 = Debug|x64
		{BA3C8717-E753-4D64-BB0C-1835DE330CD5}.Debug|x86.ActiveCfg = Debug|Win32
		{BA3C8717-E753-4D64-BB0C-1835DE330CD5}.Debug|x86.Build.0 = Debug|Win32
		{BA3C8717-E753-4D64-BB0C-1835DE330CD5}.Release|x64.ActiveCfg = Release|x64
		{BA3C8717-E753-4D64-BB0C-1835DE330CD5}.Release|x64.Build.0 = Release|x64
		{BA3C8717-E753-4D64-BB0C-1835DE330CD5}.Release|x86.ActiveCfg = Release|Win32
		{BA3C8717-E753-4D64-BB0C-1835DE330CD5}.Release|x86.Build.0 = Release|Win32
		{16B1BCDD-7DF3-4009-9626-D88C83DB54F0}.Debug|x64.ActiveCfg = Debug|x64
		{16B1BCDD-7DF3-4009-9626-D88C83DB54F0}.Debug|x64.Build.0 = Debug|x64
		{16B1BCDD-7DF3-4009-9626-D88C83DB54F0}.Debug|x86.ActiveCfg = Debug|Win32
		{16B1BCDD-7DF3-4009-9626-D88C83DB54F0}.Debug|x86.Build.0 = Debug|Win32
		{16B1BCDD-7DF3-4009-9626-D88C83DB54F0}.Release|x64.ActiveCfg = Release|x64
		{16B1BCDD-7DF3-4009-9626-D88C83DB54F0}.Release|x64.Build.0 = Release|x64
		{16B1BCDD-7DF3-4009-9626-D88C83DB54F0}.Release|x86.ActiveCfg = Release|Win32
		{16B1BCDD-7DF3-4009-9626-D88C83DB54F0}.Release|x86.Build.0 = Release|Win32
		{078096DE-A538-4289-9E35-2633C0D9C962}.Debug|x64.ActiveCfg = Debug|x64
		{078096DE-A538-4289-9E35-2633C0D9C962}.Debug|x64.Build.0 = Debug|x64
		{078096DE-A538-4289-9E35-2633C0D9C962}.Debug|x86.ActiveCfg = Debug|Win32
		{078096DE-A538-4289-9E35-2633C0D9C962}.Debug|x86.Build.0 = Debug|Win32
		{078096DE-A538-4289-9E35-2633C0D9C962}.Release|x64.ActiveCfg = Release|x64
		{078096DE-A538-4289-9E35-2633C0D9C962}.Release|x64.Build.0 = Release|x64
		{078096DE-A538-4289-9E35-2633C0D9C962}.Release|x86.ActiveCfg = Release|Win32
		{078096DE-A538-4289-9E35-2633C0D9C962}.Release|x86.Build.0 = Release|Win32
	EndGlobalSection
	GlobalSection(SolutionProperties) = preSolution
		HideSolutionNode = FALSE
	EndGlobalSection
	GlobalSection(ExtensibilityGlobals) = postSolution
		SolutionGuid = {1E5DAD63-81F3-47D5-9895-0A9C1BA3ACA0}
	EndGlobalSection
EndGlobal
