
Microsoft Visual Studio Solution File, Format Version 12.00
# Visual Studio Version 17
VisualStudioVersion = 17.13.35919.96
MinimumVisualStudioVersion = 10.0.40219.1
Project("{8BC9CEB8-8B4A-11D0-8D11-00A0C91BC942}") = "Ex6-01", "Ex6-01\Ex6-01.vcxproj", "{EE16EFB8-DA6F-4556-AB63-24FD7EB49F3B}"
EndProject
Project("{8BC9CEB8-8B4A-11D0-8D11-00A0C91BC942}") = "Ex6-02", "Ex6-02\Ex6-02.vcxproj", "{8F005E11-D539-46A7-A660-598EFFC5E0A0}"
EndProject
Project("{8BC9CEB8-8B4A-11D0-8D11-00A0C91BC942}") = "Ex6-03", "Ex6-03\Ex6-03.vcxproj", "{48A70D07-EEC4-40A8-B4FA-D78EE544CDE6}"
EndProject
Project("{8BC9CEB8-8B4A-11D0-8D11-00A0C91BC942}") = "Ex6-LAB01", "Ex6-LAB01\Ex6-LAB01.vcxproj", "{8BFD2433-B998-44AB-94D6-42C0F99E4256}"
EndProject
Project("{8BC9CEB8-8B4A-11D0-8D11-00A0C91BC942}") = "EX6-04", "EX6-04\EX6-04.vcxproj", "{C99841B5-CD7F-46CB-A3C0-5561D8A89333}"
EndProject
Project("{8BC9CEB8-8B4A-11D0-8D11-00A0C91BC942}") = "EX6-05", "EX6-05\EX6-05.vcxproj", "{5CA55FAB-60DE-44C2-B0A6-D6099ADDB6B5}"
EndProject
Project("{8BC9CEB8-8B4A-11D0-8D11-00A0C91BC942}") = "Ex6-06", "Ex6-06\Ex6-06.vcxproj", "{5FFCDFB9-B67E-4695-B9CE-C06092F9924B}"
EndProject
Project("{8BC9CEB8-8B4A-11D0-8D11-00A0C91BC942}") = "Ex6-07", "Ex6-07\Ex6-07.vcxproj", "{59AED341-D372-4485-8C2F-E45D2D4A5964}"
EndProject
Project("{8BC9CEB8-8B4A-11D0-8D11-00A0C91BC942}") = "Ex6-08", "Ex6-08\Ex6-08.vcxproj", "{266A59BC-1CA0-4A99-BAC4-3ABCED1B3AE7}"
EndProject
Project("{8BC9CEB8-8B4A-11D0-8D11-00A0C91BC942}") = "Ex6-09", "Ex6-09\Ex6-09.vcxproj", "{3EB31317-0193-48F1-AA50-D8A1746D3E88}"
EndProject
Project("{8BC9CEB8-8B4A-11D0-8D11-00A0C91BC942}") = "Ex6-10", "Ex6-10\Ex6-10.vcxproj", "{954AF1A9-2550-4C94-B369-CE8199FBB54E}"
EndProject
Project("{8BC9CEB8-8B4A-11D0-8D11-00A0C91BC942}") = "Ex6-11", "Ex6-11\Ex6-11.vcxproj", "{674188E8-15C3-4AAD-B91A-F9357EAEC12B}"
EndProject
Project("{8BC9CEB8-8B4A-11D0-8D11-00A0C91BC942}") = "Ex6-LAB-2", "Ex6-LAB-2\Ex6-LAB-2.vcxproj", "{B41A7EA6-F80A-4210-9D3C-A30F5C447670}"
EndProject
Global
	GlobalSection(SolutionConfigurationPlatforms) = preSolution
		Debug|x64 = Debug|x64
		Debug|x86 = Debug|x86
		Release|x64 = Release|x64
		Release|x86 = Release|x86
	EndGlobalSection
	GlobalSection(ProjectConfigurationPlatforms) = postSolution
		{EE16EFB8-DA6F-4556-AB63-24FD7EB49F3B}.Debug|x64.ActiveCfg = Debug|x64
		{EE16EFB8-DA6F-4556-AB63-24FD7EB49F3B}.Debug|x64.Build.0 = Debug|x64
		{EE16EFB8-DA6F-4556-AB63-24FD7EB49F3B}.Debug|x86.ActiveCfg = Debug|Win32
		{EE16EFB8-DA6F-4556-AB63-24FD7EB49F3B}.Debug|x86.Build.0 = Debug|Win32
		{EE16EFB8-DA6F-4556-AB63-24FD7EB49F3B}.Release|x64.ActiveCfg = Release|x64
		{EE16EFB8-DA6F-4556-AB63-24FD7EB49F3B}.Release|x64.Build.0 = Release|x64
		{EE16EFB8-DA6F-4556-AB63-24FD7EB49F3B}.Release|x86.ActiveCfg = Release|Win32
		{EE16EFB8-DA6F-4556-AB63-24FD7EB49F3B}.Release|x86.Build.0 = Release|Win32
		{8F005E11-D539-46A7-A660-598EFFC5E0A0}.Debug|x64.ActiveCfg = Debug|x64
		{8F005E11-D539-46A7-A660-598EFFC5E0A0}.Debug|x64.Build.0 = Debug|x64
		{8F005E11-D539-46A7-A660-598EFFC5E0A0}.Debug|x86.ActiveCfg = Debug|Win32
		{8F005E11-D539-46A7-A660-598EFFC5E0A0}.Debug|x86.Build.0 = Debug|Win32
		{8F005E11-D539-46A7-A660-598EFFC5E0A0}.Release|x64.ActiveCfg = Release|x64
		{8F005E11-D539-46A7-A660-598EFFC5E0A0}.Release|x64.Build.0 = Release|x64
		{8F005E11-D539-46A7-A660-598EFFC5E0A0}.Release|x86.ActiveCfg = Release|Win32
		{8F005E11-D539-46A7-A660-598EFFC5E0A0}.Release|x86.Build.0 = Release|Win32
		{48A70D07-EEC4-40A8-B4FA-D78EE544CDE6}.Debug|x64.ActiveCfg = Debug|x64
		{48A70D07-EEC4-40A8-B4FA-D78EE544CDE6}.Debug|x64.Build.0 = Debug|x64
		{48A70D07-EEC4-40A8-B4FA-D78EE544CDE6}.Debug|x86.ActiveCfg = Debug|Win32
		{48A70D07-EEC4-40A8-B4FA-D78EE544CDE6}.Debug|x86.Build.0 = Debug|Win32
		{48A70D07-EEC4-40A8-B4FA-D78EE544CDE6}.Release|x64.ActiveCfg = Release|x64
		{48A70D07-EEC4-40A8-B4FA-D78EE544CDE6}.Release|x64.Build.0 = Release|x64
		{48A70D07-EEC4-40A8-B4FA-D78EE544CDE6}.Release|x86.ActiveCfg = Release|Win32
		{48A70D07-EEC4-40A8-B4FA-D78EE544CDE6}.Release|x86.Build.0 = Release|Win32
		{8BFD2433-B998-44AB-94D6-42C0F99E4256}.Debug|x64.ActiveCfg = Debug|x64
		{8BFD2433-B998-44AB-94D6-42C0F99E4256}.Debug|x64.Build.0 = Debug|x64
		{8BFD2433-B998-44AB-94D6-42C0F99E4256}.Debug|x86.ActiveCfg = Debug|Win32
		{8BFD2433-B998-44AB-94D6-42C0F99E4256}.Debug|x86.Build.0 = Debug|Win32
		{8BFD2433-B998-44AB-94D6-42C0F99E4256}.Release|x64.ActiveCfg = Release|x64
		{8BFD2433-B998-44AB-94D6-42C0F99E4256}.Release|x64.Build.0 = Release|x64
		{8BFD2433-B998-44AB-94D6-42C0F99E4256}.Release|x86.ActiveCfg = Release|Win32
		{8BFD2433-B998-44AB-94D6-42C0F99E4256}.Release|x86.Build.0 = Release|Win32
		{C99841B5-CD7F-46CB-A3C0-5561D8A89333}.Debug|x64.ActiveCfg = Debug|x64
		{C99841B5-CD7F-46CB-A3C0-5561D8A89333}.Debug|x64.Build.0 = Debug|x64
		{C99841B5-CD7F-46CB-A3C0-5561D8A89333}.Debug|x86.ActiveCfg = Debug|Win32
		{C99841B5-CD7F-46CB-A3C0-5561D8A89333}.Debug|x86.Build.0 = Debug|Win32
		{C99841B5-CD7F-46CB-A3C0-5561D8A89333}.Release|x64.ActiveCfg = Release|x64
		{C99841B5-CD7F-46CB-A3C0-5561D8A89333}.Release|x64.Build.0 = Release|x64
		{C99841B5-CD7F-46CB-A3C0-5561D8A89333}.Release|x86.ActiveCfg = Release|Win32
		{C99841B5-CD7F-46CB-A3C0-5561D8A89333}.Release|x86.Build.0 = Release|Win32
		{5CA55FAB-60DE-44C2-B0A6-D6099ADDB6B5}.Debug|x64.ActiveCfg = Debug|x64
		{5CA55FAB-60DE-44C2-B0A6-D6099ADDB6B5}.Debug|x64.Build.0 = Debug|x64
		{5CA55FAB-60DE-44C2-B0A6-D6099ADDB6B5}.Debug|x86.ActiveCfg = Debug|Win32
		{5CA55FAB-60DE-44C2-B0A6-D6099ADDB6B5}.Debug|x86.Build.0 = Debug|Win32
		{5CA55FAB-60DE-44C2-B0A6-D6099ADDB6B5}.Release|x64.ActiveCfg = Release|x64
		{5CA55FAB-60DE-44C2-B0A6-D6099ADDB6B5}.Release|x64.Build.0 = Release|x64
		{5CA55FAB-60DE-44C2-B0A6-D6099ADDB6B5}.Release|x86.ActiveCfg = Release|Win32
		{5CA55FAB-60DE-44C2-B0A6-D6099ADDB6B5}.Release|x86.Build.0 = Release|Win32
		{5FFCDFB9-B67E-4695-B9CE-C06092F9924B}.Debug|x64.ActiveCfg = Debug|x64
		{5FFCDFB9-B67E-4695-B9CE-C06092F9924B}.Debug|x64.Build.0 = Debug|x64
		{5FFCDFB9-B67E-4695-B9CE-C06092F9924B}.Debug|x86.ActiveCfg = Debug|Win32
		{5FFCDFB9-B67E-4695-B9CE-C06092F9924B}.Debug|x86.Build.0 = Debug|Win32
		{5FFCDFB9-B67E-4695-B9CE-C06092F9924B}.Release|x64.ActiveCfg = Release|x64
		{5FFCDFB9-B67E-4695-B9CE-C06092F9924B}.Release|x64.Build.0 = Release|x64
		{5FFCDFB9-B67E-4695-B9CE-C06092F9924B}.Release|x86.ActiveCfg = Release|Win32
		{5FFCDFB9-B67E-4695-B9CE-C06092F9924B}.Release|x86.Build.0 = Release|Win32
		{59AED341-D372-4485-8C2F-E45D2D4A5964}.Debug|x64.ActiveCfg = Debug|x64
		{59AED341-D372-4485-8C2F-E45D2D4A5964}.Debug|x64.Build.0 = Debug|x64
		{59AED341-D372-4485-8C2F-E45D2D4A5964}.Debug|x86.ActiveCfg = Debug|Win32
		{59AED341-D372-4485-8C2F-E45D2D4A5964}.Debug|x86.Build.0 = Debug|Win32
		{59AED341-D372-4485-8C2F-E45D2D4A5964}.Release|x64.ActiveCfg = Release|x64
		{59AED341-D372-4485-8C2F-E45D2D4A5964}.Release|x64.Build.0 = Release|x64
		{59AED341-D372-4485-8C2F-E45D2D4A5964}.Release|x86.ActiveCfg = Release|Win32
		{59AED341-D372-4485-8C2F-E45D2D4A5964}.Release|x86.Build.0 = Release|Win32
		{266A59BC-1CA0-4A99-BAC4-3ABCED1B3AE7}.Debug|x64.ActiveCfg = Debug|x64
		{266A59BC-1CA0-4A99-BAC4-3ABCED1B3AE7}.Debug|x64.Build.0 = Debug|x64
		{266A59BC-1CA0-4A99-BAC4-3ABCED1B3AE7}.Debug|x86.ActiveCfg = Debug|Win32
		{266A59BC-1CA0-4A99-BAC4-3ABCED1B3AE7}.Debug|x86.Build.0 = Debug|Win32
		{266A59BC-1CA0-4A99-BAC4-3ABCED1B3AE7}.Release|x64.ActiveCfg = Release|x64
		{266A59BC-1CA0-4A99-BAC4-3ABCED1B3AE7}.Release|x64.Build.0 = Release|x64
		{266A59BC-1CA0-4A99-BAC4-3ABCED1B3AE7}.Release|x86.ActiveCfg = Release|Win32
		{266A59BC-1CA0-4A99-BAC4-3ABCED1B3AE7}.Release|x86.Build.0 = Release|Win32
		{3EB31317-0193-48F1-AA50-D8A1746D3E88}.Debug|x64.ActiveCfg = Debug|x64
		{3EB31317-0193-48F1-AA50-D8A1746D3E88}.Debug|x64.Build.0 = Debug|x64
		{3EB31317-0193-48F1-AA50-D8A1746D3E88}.Debug|x86.ActiveCfg = Debug|Win32
		{3EB31317-0193-48F1-AA50-D8A1746D3E88}.Debug|x86.Build.0 = Debug|Win32
		{3EB31317-0193-48F1-AA50-D8A1746D3E88}.Release|x64.ActiveCfg = Release|x64
		{3EB31317-0193-48F1-AA50-D8A1746D3E88}.Release|x64.Build.0 = Release|x64
		{3EB31317-0193-48F1-AA50-D8A1746D3E88}.Release|x86.ActiveCfg = Release|Win32
		{3EB31317-0193-48F1-AA50-D8A1746D3E88}.Release|x86.Build.0 = Release|Win32
		{954AF1A9-2550-4C94-B369-CE8199FBB54E}.Debug|x64.ActiveCfg = Debug|x64
		{954AF1A9-2550-4C94-B369-CE8199FBB54E}.Debug|x64.Build.0 = Debug|x64
		{954AF1A9-2550-4C94-B369-CE8199FBB54E}.Debug|x86.ActiveCfg = Debug|Win32
		{954AF1A9-2550-4C94-B369-CE8199FBB54E}.Debug|x86.Build.0 = Debug|Win32
		{954AF1A9-2550-4C94-B369-CE8199FBB54E}.Release|x64.ActiveCfg = Release|x64
		{954AF1A9-2550-4C94-B369-CE8199FBB54E}.Release|x64.Build.0 = Release|x64
		{954AF1A9-2550-4C94-B369-CE8199FBB54E}.Release|x86.ActiveCfg = Release|Win32
		{954AF1A9-2550-4C94-B369-CE8199FBB54E}.Release|x86.Build.0 = Release|Win32
		{674188E8-15C3-4AAD-B91A-F9357EAEC12B}.Debug|x64.ActiveCfg = Debug|x64
		{674188E8-15C3-4AAD-B91A-F9357EAEC12B}.Debug|x64.Build.0 = Debug|x64
		{674188E8-15C3-4AAD-B91A-F9357EAEC12B}.Debug|x86.ActiveCfg = Debug|Win32
		{674188E8-15C3-4AAD-B91A-F9357EAEC12B}.Debug|x86.Build.0 = Debug|Win32
		{674188E8-15C3-4AAD-B91A-F9357EAEC12B}.Release|x64.ActiveCfg = Release|x64
		{674188E8-15C3-4AAD-B91A-F9357EAEC12B}.Release|x64.Build.0 = Release|x64
		{674188E8-15C3-4AAD-B91A-F9357EAEC12B}.Release|x86.ActiveCfg = Release|Win32
		{674188E8-15C3-4AAD-B91A-F9357EAEC12B}.Release|x86.Build.0 = Release|Win32
		{B41A7EA6-F80A-4210-9D3C-A30F5C447670}.Debug|x64.ActiveCfg = Debug|x64
		{B41A7EA6-F80A-4210-9D3C-A30F5C447670}.Debug|x64.Build.0 = Debug|x64
		{B41A7EA6-F80A-4210-9D3C-A30F5C447670}.Debug|x86.ActiveCfg = Debug|Win32
		{B41A7EA6-F80A-4210-9D3C-A30F5C447670}.Debug|x86.Build.0 = Debug|Win32
		{B41A7EA6-F80A-4210-9D3C-A30F5C447670}.Release|x64.ActiveCfg = Release|x64
		{B41A7EA6-F80A-4210-9D3C-A30F5C447670}.Release|x64.Build.0 = Release|x64
		{B41A7EA6-F80A-4210-9D3C-A30F5C447670}.Release|x86.ActiveCfg = Release|Win32
		{B41A7EA6-F80A-4210-9D3C-A30F5C447670}.Release|x86.Build.0 = Release|Win32
	EndGlobalSection
	GlobalSection(SolutionProperties) = preSolution
		HideSolutionNode = FALSE
	EndGlobalSection
	GlobalSection(ExtensibilityGlobals) = postSolution
		SolutionGuid = {3E5C8D4A-2D52-4D64-8776-27F04F2CE904}
	EndGlobalSection
EndGlobal
