
Microsoft Visual Studio Solution File, Format Version 12.00
# Visual Studio Version 17
VisualStudioVersion = 17.13.35919.96 d17.13
MinimumVisualStudioVersion = 10.0.40219.1
Project("{8BC9CEB8-8B4A-11D0-8D11-00A0C91BC942}") = "Ex12-01", "Ex12-01\Ex12-01.vcxproj", "{D3395ACE-A02D-483D-896A-3A5129387990}"
EndProject
Project("{8BC9CEB8-8B4A-11D0-8D11-00A0C91BC942}") = "Ex12-02", "Ex12-02\Ex12-02.vcxproj", "{FD18CED1-EB60-4927-A471-E1E5EE534094}"
EndProject
Project("{8BC9CEB8-8B4A-11D0-8D11-00A0C91BC942}") = "Ex12-03", "Ex12-03\Ex12-03.vcxproj", "{7E063E48-DE76-453C-8B85-392CC20A1A57}"
EndProject
Project("{8BC9CEB8-8B4A-11D0-8D11-00A0C91BC942}") = "Ex12-04", "Ex12-04\Ex12-04.vcxproj", "{78B3D5E1-2DB9-435D-9997-F40FC14B0029}"
EndProject
Project("{8BC9CEB8-8B4A-11D0-8D11-00A0C91BC942}") = "Ex12-05", "Ex12-05\Ex12-05.vcxproj", "{9BFB1DBC-29CD-4F72-8D18-B4AC8906910A}"
EndProject
Project("{8BC9CEB8-8B4A-11D0-8D11-00A0C91BC942}") = "Ex12-06", "Ex12-06\Ex12-06.vcxproj", "{6A734EAB-7E1A-4D24-A04A-3D587989AFD3}"
EndProject
Project("{8BC9CEB8-8B4A-11D0-8D11-00A0C91BC942}") = "Ex12-07", "Ex12-07\Ex12-07.vcxproj", "{655FB7FA-FC29-40D0-8220-391211FBA34A}"
EndProject
Project("{8BC9CEB8-8B4A-11D0-8D11-00A0C91BC942}") = "Ex12-08", "Ex12-08\Ex12-08.vcxproj", "{97CE1505-9E69-465C-8525-5139038E0B72}"
EndProject
Project("{8BC9CEB8-8B4A-11D0-8D11-00A0C91BC942}") = "Ex12-09", "Ex12-09\Ex12-09.vcxproj", "{0C01BA60-A193-4825-B2DD-BFD403C83E3A}"
EndProject
Project("{8BC9CEB8-8B4A-11D0-8D11-00A0C91BC942}") = "Ex12-10", "Ex12-10\Ex12-10.vcxproj", "{6104EC55-387D-465E-A2E7-141D446D16BD}"
EndProject
Global
	GlobalSection(SolutionConfigurationPlatforms) = preSolution
		Debug|x64 = Debug|x64
		Debug|x86 = Debug|x86
		Release|x64 = Release|x64
		Release|x86 = Release|x86
	EndGlobalSection
	GlobalSection(ProjectConfigurationPlatforms) = postSolution
		{D3395ACE-A02D-483D-896A-3A5129387990}.Debug|x64.ActiveCfg = Debug|x64
		{D3395ACE-A02D-483D-896A-3A5129387990}.Debug|x64.Build.0 = Debug|x64
		{D3395ACE-A02D-483D-896A-3A5129387990}.Debug|x86.ActiveCfg = Debug|Win32
		{D3395ACE-A02D-483D-896A-3A5129387990}.Debug|x86.Build.0 = Debug|Win32
		{D3395ACE-A02D-483D-896A-3A5129387990}.Release|x64.ActiveCfg = Release|x64
		{D3395ACE-A02D-483D-896A-3A5129387990}.Release|x64.Build.0 = Release|x64
		{D3395ACE-A02D-483D-896A-3A5129387990}.Release|x86.ActiveCfg = Release|Win32
		{D3395ACE-A02D-483D-896A-3A5129387990}.Release|x86.Build.0 = Release|Win32
		{FD18CED1-EB60-4927-A471-E1E5EE534094}.Debug|x64.ActiveCfg = Debug|x64
		{FD18CED1-EB60-4927-A471-E1E5EE534094}.Debug|x64.Build.0 = Debug|x64
		{FD18CED1-EB60-4927-A471-E1E5EE534094}.Debug|x86.ActiveCfg = Debug|Win32
		{FD18CED1-EB60-4927-A471-E1E5EE534094}.Debug|x86.Build.0 = Debug|Win32
		{FD18CED1-EB60-4927-A471-E1E5EE534094}.Release|x64.ActiveCfg = Release|x64
		{FD18CED1-EB60-4927-A471-E1E5EE534094}.Release|x64.Build.0 = Release|x64
		{FD18CED1-EB60-4927-A471-E1E5EE534094}.Release|x86.ActiveCfg = Release|Win32
		{FD18CED1-EB60-4927-A471-E1E5EE534094}.Release|x86.Build.0 = Release|Win32
		{7E063E48-DE76-453C-8B85-392CC20A1A57}.Debug|x64.ActiveCfg = Debug|x64
		{7E063E48-DE76-453C-8B85-392CC20A1A57}.Debug|x64.Build.0 = Debug|x64
		{7E063E48-DE76-453C-8B85-392CC20A1A57}.Debug|x86.ActiveCfg = Debug|Win32
		{7E063E48-DE76-453C-8B85-392CC20A1A57}.Debug|x86.Build.0 = Debug|Win32
		{7E063E48-DE76-453C-8B85-392CC20A1A57}.Release|x64.ActiveCfg = Release|x64
		{7E063E48-DE76-453C-8B85-392CC20A1A57}.Release|x64.Build.0 = Release|x64
		{7E063E48-DE76-453C-8B85-392CC20A1A57}.Release|x86.ActiveCfg = Release|Win32
		{7E063E48-DE76-453C-8B85-392CC20A1A57}.Release|x86.Build.0 = Release|Win32
		{78B3D5E1-2DB9-435D-9997-F40FC14B0029}.Debug|x64.ActiveCfg = Debug|x64
		{78B3D5E1-2DB9-435D-9997-F40FC14B0029}.Debug|x64.Build.0 = Debug|x64
		{78B3D5E1-2DB9-435D-9997-F40FC14B0029}.Debug|x86.ActiveCfg = Debug|Win32
		{78B3D5E1-2DB9-435D-9997-F40FC14B0029}.Debug|x86.Build.0 = Debug|Win32
		{78B3D5E1-2DB9-435D-9997-F40FC14B0029}.Release|x64.ActiveCfg = Release|x64
		{78B3D5E1-2DB9-435D-9997-F40FC14B0029}.Release|x64.Build.0 = Release|x64
		{78B3D5E1-2DB9-435D-9997-F40FC14B0029}.Release|x86.ActiveCfg = Release|Win32
		{78B3D5E1-2DB9-435D-9997-F40FC14B0029}.Release|x86.Build.0 = Release|Win32
		{9BFB1DBC-29CD-4F72-8D18-B4AC8906910A}.Debug|x64.ActiveCfg = Debug|x64
		{9BFB1DBC-29CD-4F72-8D18-B4AC8906910A}.Debug|x64.Build.0 = Debug|x64
		{9BFB1DBC-29CD-4F72-8D18-B4AC8906910A}.Debug|x86.ActiveCfg = Debug|Win32
		{9BFB1DBC-29CD-4F72-8D18-B4AC8906910A}.Debug|x86.Build.0 = Debug|Win32
		{9BFB1DBC-29CD-4F72-8D18-B4AC8906910A}.Release|x64.ActiveCfg = Release|x64
		{9BFB1DBC-29CD-4F72-8D18-B4AC8906910A}.Release|x64.Build.0 = Release|x64
		{9BFB1DBC-29CD-4F72-8D18-B4AC8906910A}.Release|x86.ActiveCfg = Release|Win32
		{9BFB1DBC-29CD-4F72-8D18-B4AC8906910A}.Release|x86.Build.0 = Release|Win32
		{6A734EAB-7E1A-4D24-A04A-3D587989AFD3}.Debug|x64.ActiveCfg = Debug|x64
		{6A734EAB-7E1A-4D24-A04A-3D587989AFD3}.Debug|x64.Build.0 = Debug|x64
		{6A734EAB-7E1A-4D24-A04A-3D587989AFD3}.Debug|x86.ActiveCfg = Debug|Win32
		{6A734EAB-7E1A-4D24-A04A-3D587989AFD3}.Debug|x86.Build.0 = Debug|Win32
		{6A734EAB-7E1A-4D24-A04A-3D587989AFD3}.Release|x64.ActiveCfg = Release|x64
		{6A734EAB-7E1A-4D24-A04A-3D587989AFD3}.Release|x64.Build.0 = Release|x64
		{6A734EAB-7E1A-4D24-A04A-3D587989AFD3}.Release|x86.ActiveCfg = Release|Win32
		{6A734EAB-7E1A-4D24-A04A-3D587989AFD3}.Release|x86.Build.0 = Release|Win32
		{655FB7FA-FC29-40D0-8220-391211FBA34A}.Debug|x64.ActiveCfg = Debug|x64
		{655FB7FA-FC29-40D0-8220-391211FBA34A}.Debug|x64.Build.0 = Debug|x64
		{655FB7FA-FC29-40D0-8220-391211FBA34A}.Debug|x86.ActiveCfg = Debug|Win32
		{655FB7FA-FC29-40D0-8220-391211FBA34A}.Debug|x86.Build.0 = Debug|Win32
		{655FB7FA-FC29-40D0-8220-391211FBA34A}.Release|x64.ActiveCfg = Release|x64
		{655FB7FA-FC29-40D0-8220-391211FBA34A}.Release|x64.Build.0 = Release|x64
		{655FB7FA-FC29-40D0-8220-391211FBA34A}.Release|x86.ActiveCfg = Release|Win32
		{655FB7FA-FC29-40D0-8220-391211FBA34A}.Release|x86.Build.0 = Release|Win32
		{97CE1505-9E69-465C-8525-5139038E0B72}.Debug|x64.ActiveCfg = Debug|x64
		{97CE1505-9E69-465C-8525-5139038E0B72}.Debug|x64.Build.0 = Debug|x64
		{97CE1505-9E69-465C-8525-5139038E0B72}.Debug|x86.ActiveCfg = Debug|Win32
		{97CE1505-9E69-465C-8525-5139038E0B72}.Debug|x86.Build.0 = Debug|Win32
		{97CE1505-9E69-465C-8525-5139038E0B72}.Release|x64.ActiveCfg = Release|x64
		{97CE1505-9E69-465C-8525-5139038E0B72}.Release|x64.Build.0 = Release|x64
		{97CE1505-9E69-465C-8525-5139038E0B72}.Release|x86.ActiveCfg = Release|Win32
		{97CE1505-9E69-465C-8525-5139038E0B72}.Release|x86.Build.0 = Release|Win32
		{0C01BA60-A193-4825-B2DD-BFD403C83E3A}.Debug|x64.ActiveCfg = Debug|x64
		{0C01BA60-A193-4825-B2DD-BFD403C83E3A}.Debug|x64.Build.0 = Debug|x64
		{0C01BA60-A193-4825-B2DD-BFD403C83E3A}.Debug|x86.ActiveCfg = Debug|Win32
		{0C01BA60-A193-4825-B2DD-BFD403C83E3A}.Debug|x86.Build.0 = Debug|Win32
		{0C01BA60-A193-4825-B2DD-BFD403C83E3A}.Release|x64.ActiveCfg = Release|x64
		{0C01BA60-A193-4825-B2DD-BFD403C83E3A}.Release|x64.Build.0 = Release|x64
		{0C01BA60-A193-4825-B2DD-BFD403C83E3A}.Release|x86.ActiveCfg = Release|Win32
		{0C01BA60-A193-4825-B2DD-BFD403C83E3A}.Release|x86.Build.0 = Release|Win32
		{6104EC55-387D-465E-A2E7-141D446D16BD}.Debug|x64.ActiveCfg = Debug|x64
		{6104EC55-387D-465E-A2E7-141D446D16BD}.Debug|x64.Build.0 = Debug|x64
		{6104EC55-387D-465E-A2E7-141D446D16BD}.Debug|x86.ActiveCfg = Debug|Win32
		{6104EC55-387D-465E-A2E7-141D446D16BD}.Debug|x86.Build.0 = Debug|Win32
		{6104EC55-387D-465E-A2E7-141D446D16BD}.Release|x64.ActiveCfg = Release|x64
		{6104EC55-387D-465E-A2E7-141D446D16BD}.Release|x64.Build.0 = Release|x64
		{6104EC55-387D-465E-A2E7-141D446D16BD}.Release|x86.ActiveCfg = Release|Win32
		{6104EC55-387D-465E-A2E7-141D446D16BD}.Release|x86.Build.0 = Release|Win32
	EndGlobalSection
	GlobalSection(SolutionProperties) = preSolution
		HideSolutionNode = FALSE
	EndGlobalSection
	GlobalSection(ExtensibilityGlobals) = postSolution
		SolutionGuid = {167DC5D3-E23B-4F40-AD9A-14F71729F500}
	EndGlobalSection
EndGlobal
