
Microsoft Visual Studio Solution File, Format Version 12.00
# Visual Studio Version 17
VisualStudioVersion = 17.13.35919.96
MinimumVisualStudioVersion = 10.0.40219.1
Project("{8BC9CEB8-8B4A-11D0-8D11-00A0C91BC942}") = "Ex5-01", "Ex5-01\Ex5-01.vcxproj", "{5F16403F-75AB-42B9-A727-3A6E6468A7A4}"
EndProject
Project("{8BC9CEB8-8B4A-11D0-8D11-00A0C91BC942}") = "Ex5-02", "Ex5-02\Ex5-02.vcxproj", "{54ADE421-F424-4F84-A515-4D5B1E0212A0}"
EndProject
Project("{8BC9CEB8-8B4A-11D0-8D11-00A0C91BC942}") = "Ex5-03", "Ex5-03\Ex5-03.vcxproj", "{9921C296-8792-4E9E-AE14-1A1428954ACD}"
EndProject
Project("{8BC9CEB8-8B4A-11D0-8D11-00A0C91BC942}") = "Ex5-04", "Ex5-04\Ex5-04.vcxproj", "{1F235DCE-B780-4461-8740-4F872E971F3A}"
EndProject
Project("{8BC9CEB8-8B4A-11D0-8D11-00A0C91BC942}") = "Ex5-05", "Ex5-05\Ex5-05.vcxproj", "{62E95A3D-CF60-40FD-8235-D876A8E64FBB}"
EndProject
Project("{8BC9CEB8-8B4A-11D0-8D11-00A0C91BC942}") = "Ex5-06", "Ex5-06\Ex5-06.vcxproj", "{C49ABBED-4336-46A2-A0F2-EFB472B28EEB}"
EndProject
Project("{8BC9CEB8-8B4A-11D0-8D11-00A0C91BC942}") = "Ex5-07", "Ex5-07\Ex5-07.vcxproj", "{7F487BD4-7E48-40DD-B33B-462EDFDFEB9F}"
EndProject
Project("{8BC9CEB8-8B4A-11D0-8D11-00A0C91BC942}") = "Ex5-LAB01", "Ex5-LAB01\Ex5-LAB01.vcxproj", "{F00B16D9-68B3-4840-B0C3-8C40F3E798FD}"
EndProject
Global
	GlobalSection(SolutionConfigurationPlatforms) = preSolution
		Debug|x64 = Debug|x64
		Debug|x86 = Debug|x86
		Release|x64 = Release|x64
		Release|x86 = Release|x86
	EndGlobalSection
	GlobalSection(ProjectConfigurationPlatforms) = postSolution
		{5F16403F-75AB-42B9-A727-3A6E6468A7A4}.Debug|x64.ActiveCfg = Debug|x64
		{5F16403F-75AB-42B9-A727-3A6E6468A7A4}.Debug|x64.Build.0 = Debug|x64
		{5F16403F-75AB-42B9-A727-3A6E6468A7A4}.Debug|x86.ActiveCfg = Debug|Win32
		{5F16403F-75AB-42B9-A727-3A6E6468A7A4}.Debug|x86.Build.0 = Debug|Win32
		{5F16403F-75AB-42B9-A727-3A6E6468A7A4}.Release|x64.ActiveCfg = Release|x64
		{5F16403F-75AB-42B9-A727-3A6E6468A7A4}.Release|x64.Build.0 = Release|x64
		{5F16403F-75AB-42B9-A727-3A6E6468A7A4}.Release|x86.ActiveCfg = Release|Win32
		{5F16403F-75AB-42B9-A727-3A6E6468A7A4}.Release|x86.Build.0 = Release|Win32
		{54ADE421-F424-4F84-A515-4D5B1E0212A0}.Debug|x64.ActiveCfg = Debug|x64
		{54ADE421-F424-4F84-A515-4D5B1E0212A0}.Debug|x64.Build.0 = Debug|x64
		{54ADE421-F424-4F84-A515-4D5B1E0212A0}.Debug|x86.ActiveCfg = Debug|Win32
		{54ADE421-F424-4F84-A515-4D5B1E0212A0}.Debug|x86.Build.0 = Debug|Win32
		{54ADE421-F424-4F84-A515-4D5B1E0212A0}.Release|x64.ActiveCfg = Release|x64
		{54ADE421-F424-4F84-A515-4D5B1E0212A0}.Release|x64.Build.0 = Release|x64
		{54ADE421-F424-4F84-A515-4D5B1E0212A0}.Release|x86.ActiveCfg = Release|Win32
		{54ADE421-F424-4F84-A515-4D5B1E0212A0}.Release|x86.Build.0 = Release|Win32
		{9921C296-8792-4E9E-AE14-1A1428954ACD}.Debug|x64.ActiveCfg = Debug|x64
		{9921C296-8792-4E9E-AE14-1A1428954ACD}.Debug|x64.Build.0 = Debug|x64
		{9921C296-8792-4E9E-AE14-1A1428954ACD}.Debug|x86.ActiveCfg = Debug|Win32
		{9921C296-8792-4E9E-AE14-1A1428954ACD}.Debug|x86.Build.0 = Debug|Win32
		{9921C296-8792-4E9E-AE14-1A1428954ACD}.Release|x64.ActiveCfg = Release|x64
		{9921C296-8792-4E9E-AE14-1A1428954ACD}.Release|x64.Build.0 = Release|x64
		{9921C296-8792-4E9E-AE14-1A1428954ACD}.Release|x86.ActiveCfg = Release|Win32
		{9921C296-8792-4E9E-AE14-1A1428954ACD}.Release|x86.Build.0 = Release|Win32
		{1F235DCE-B780-4461-8740-4F872E971F3A}.Debug|x64.ActiveCfg = Debug|x64
		{1F235DCE-B780-4461-8740-4F872E971F3A}.Debug|x64.Build.0 = Debug|x64
		{1F235DCE-B780-4461-8740-4F872E971F3A}.Debug|x86.ActiveCfg = Debug|Win32
		{1F235DCE-B780-4461-8740-4F872E971F3A}.Debug|x86.Build.0 = Debug|Win32
		{1F235DCE-B780-4461-8740-4F872E971F3A}.Release|x64.ActiveCfg = Release|x64
		{1F235DCE-B780-4461-8740-4F872E971F3A}.Release|x64.Build.0 = Release|x64
		{1F235DCE-B780-4461-8740-4F872E971F3A}.Release|x86.ActiveCfg = Release|Win32
		{1F235DCE-B780-4461-8740-4F872E971F3A}.Release|x86.Build.0 = Release|Win32
		{62E95A3D-CF60-40FD-8235-D876A8E64FBB}.Debug|x64.ActiveCfg = Debug|x64
		{62E95A3D-CF60-40FD-8235-D876A8E64FBB}.Debug|x64.Build.0 = Debug|x64
		{62E95A3D-CF60-40FD-8235-D876A8E64FBB}.Debug|x86.ActiveCfg = Debug|Win32
		{62E95A3D-CF60-40FD-8235-D876A8E64FBB}.Debug|x86.Build.0 = Debug|Win32
		{62E95A3D-CF60-40FD-8235-D876A8E64FBB}.Release|x64.ActiveCfg = Release|x64
		{62E95A3D-CF60-40FD-8235-D876A8E64FBB}.Release|x64.Build.0 = Release|x64
		{62E95A3D-CF60-40FD-8235-D876A8E64FBB}.Release|x86.ActiveCfg = Release|Win32
		{62E95A3D-CF60-40FD-8235-D876A8E64FBB}.Release|x86.Build.0 = Release|Win32
		{C49ABBED-4336-46A2-A0F2-EFB472B28EEB}.Debug|x64.ActiveCfg = Debug|x64
		{C49ABBED-4336-46A2-A0F2-EFB472B28EEB}.Debug|x64.Build.0 = Debug|x64
		{C49ABBED-4336-46A2-A0F2-EFB472B28EEB}.Debug|x86.ActiveCfg = Debug|Win32
		{C49ABBED-4336-46A2-A0F2-EFB472B28EEB}.Debug|x86.Build.0 = Debug|Win32
		{C49ABBED-4336-46A2-A0F2-EFB472B28EEB}.Release|x64.ActiveCfg = Release|x64
		{C49ABBED-4336-46A2-A0F2-EFB472B28EEB}.Release|x64.Build.0 = Release|x64
		{C49ABBED-4336-46A2-A0F2-EFB472B28EEB}.Release|x86.ActiveCfg = Release|Win32
		{C49ABBED-4336-46A2-A0F2-EFB472B28EEB}.Release|x86.Build.0 = Release|Win32
		{7F487BD4-7E48-40DD-B33B-462EDFDFEB9F}.Debug|x64.ActiveCfg = Debug|x64
		{7F487BD4-7E48-40DD-B33B-462EDFDFEB9F}.Debug|x64.Build.0 = Debug|x64
		{7F487BD4-7E48-40DD-B33B-462EDFDFEB9F}.Debug|x86.ActiveCfg = Debug|Win32
		{7F487BD4-7E48-40DD-B33B-462EDFDFEB9F}.Debug|x86.Build.0 = Debug|Win32
		{7F487BD4-7E48-40DD-B33B-462EDFDFEB9F}.Release|x64.ActiveCfg = Release|x64
		{7F487BD4-7E48-40DD-B33B-462EDFDFEB9F}.Release|x64.Build.0 = Release|x64
		{7F487BD4-7E48-40DD-B33B-462EDFDFEB9F}.Release|x86.ActiveCfg = Release|Win32
		{7F487BD4-7E48-40DD-B33B-462EDFDFEB9F}.Release|x86.Build.0 = Release|Win32
		{F00B16D9-68B3-4840-B0C3-8C40F3E798FD}.Debug|x64.ActiveCfg = Debug|x64
		{F00B16D9-68B3-4840-B0C3-8C40F3E798FD}.Debug|x64.Build.0 = Debug|x64
		{F00B16D9-68B3-4840-B0C3-8C40F3E798FD}.Debug|x86.ActiveCfg = Debug|Win32
		{F00B16D9-68B3-4840-B0C3-8C40F3E798FD}.Debug|x86.Build.0 = Debug|Win32
		{F00B16D9-68B3-4840-B0C3-8C40F3E798FD}.Release|x64.ActiveCfg = Release|x64
		{F00B16D9-68B3-4840-B0C3-8C40F3E798FD}.Release|x64.Build.0 = Release|x64
		{F00B16D9-68B3-4840-B0C3-8C40F3E798FD}.Release|x86.ActiveCfg = Release|Win32
		{F00B16D9-68B3-4840-B0C3-8C40F3E798FD}.Release|x86.Build.0 = Release|Win32
	EndGlobalSection
	GlobalSection(SolutionProperties) = preSolution
		HideSolutionNode = FALSE
	EndGlobalSection
	GlobalSection(ExtensibilityGlobals) = postSolution
		SolutionGuid = {DDE8F9CB-7EC8-4330-BB58-A1499306C1F4}
	EndGlobalSection
EndGlobal
