
Microsoft Visual Studio Solution File, Format Version 12.00
# Visual Studio Version 17
VisualStudioVersion = 17.13.35919.96 d17.13
MinimumVisualStudioVersion = 10.0.40219.1
Project("{8BC9CEB8-8B4A-11D0-8D11-00A0C91BC942}") = "Problem-01", "Problem-01\Problem-01.vcxproj", "{F4F4063A-C4E4-41F5-A4E2-5FED40F1201D}"
EndProject
Project("{8BC9CEB8-8B4A-11D0-8D11-00A0C91BC942}") = "Problem-01-2", "Problem-01-2\Problem-01-2.vcxproj", "{58DFF341-84EE-4E8D-AA27-2BE9985BD4D1}"
EndProject
Project("{8BC9CEB8-8B4A-11D0-8D11-00A0C91BC942}") = "Problem-02", "Problem-02\Problem-02.vcxproj", "{6DE98BAA-78F2-40D7-94E2-29861252A0B9}"
EndProject
Project("{8BC9CEB8-8B4A-11D0-8D11-00A0C91BC942}") = "Problem-03", "Problem-03\Problem-03.vcxproj", "{18B0ECB4-6EDC-4A51-B05E-2FBAA95EED3A}"
EndProject
Project("{8BC9CEB8-8B4A-11D0-8D11-00A0C91BC942}") = "Problem-04", "Problem-04\Problem-04.vcxproj", "{2BDFD77F-BFE8-427F-A2A6-4B64CBF4712C}"
EndProject
Global
	GlobalSection(SolutionConfigurationPlatforms) = preSolution
		Debug|x64 = Debug|x64
		Debug|x86 = Debug|x86
		Release|x64 = Release|x64
		Release|x86 = Release|x86
	EndGlobalSection
	GlobalSection(ProjectConfigurationPlatforms) = postSolution
		{F4F4063A-C4E4-41F5-A4E2-5FED40F1201D}.Debug|x64.ActiveCfg = Debug|x64
		{F4F4063A-C4E4-41F5-A4E2-5FED40F1201D}.Debug|x64.Build.0 = Debug|x64
		{F4F4063A-C4E4-41F5-A4E2-5FED40F1201D}.Debug|x86.ActiveCfg = Debug|Win32
		{F4F4063A-C4E4-41F5-A4E2-5FED40F1201D}.Debug|x86.Build.0 = Debug|Win32
		{F4F4063A-C4E4-41F5-A4E2-5FED40F1201D}.Release|x64.ActiveCfg = Release|x64
		{F4F4063A-C4E4-41F5-A4E2-5FED40F1201D}.Release|x64.Build.0 = Release|x64
		{F4F4063A-C4E4-41F5-A4E2-5FED40F1201D}.Release|x86.ActiveCfg = Release|Win32
		{F4F4063A-C4E4-41F5-A4E2-5FED40F1201D}.Release|x86.Build.0 = Release|Win32
		{58DFF341-84EE-4E8D-AA27-2BE9985BD4D1}.Debug|x64.ActiveCfg = Debug|x64
		{58DFF341-84EE-4E8D-AA27-2BE9985BD4D1}.Debug|x64.Build.0 = Debug|x64
		{58DFF341-84EE-4E8D-AA27-2BE9985BD4D1}.Debug|x86.ActiveCfg = Debug|Win32
		{58DFF341-84EE-4E8D-AA27-2BE9985BD4D1}.Debug|x86.Build.0 = Debug|Win32
		{58DFF341-84EE-4E8D-AA27-2BE9985BD4D1}.Release|x64.ActiveCfg = Release|x64
		{58DFF341-84EE-4E8D-AA27-2BE9985BD4D1}.Release|x64.Build.0 = Release|x64
		{58DFF341-84EE-4E8D-AA27-2BE9985BD4D1}.Release|x86.ActiveCfg = Release|Win32
		{58DFF341-84EE-4E8D-AA27-2BE9985BD4D1}.Release|x86.Build.0 = Release|Win32
		{6DE98BAA-78F2-40D7-94E2-29861252A0B9}.Debug|x64.ActiveCfg = Debug|x64
		{6DE98BAA-78F2-40D7-94E2-29861252A0B9}.Debug|x64.Build.0 = Debug|x64
		{6DE98BAA-78F2-40D7-94E2-29861252A0B9}.Debug|x86.ActiveCfg = Debug|Win32
		{6DE98BAA-78F2-40D7-94E2-29861252A0B9}.Debug|x86.Build.0 = Debug|Win32
		{6DE98BAA-78F2-40D7-94E2-29861252A0B9}.Release|x64.ActiveCfg = Release|x64
		{6DE98BAA-78F2-40D7-94E2-29861252A0B9}.Release|x64.Build.0 = Release|x64
		{6DE98BAA-78F2-40D7-94E2-29861252A0B9}.Release|x86.ActiveCfg = Release|Win32
		{6DE98BAA-78F2-40D7-94E2-29861252A0B9}.Release|x86.Build.0 = Release|Win32
		{18B0ECB4-6EDC-4A51-B05E-2FBAA95EED3A}.Debug|x64.ActiveCfg = Debug|x64
		{18B0ECB4-6EDC-4A51-B05E-2FBAA95EED3A}.Debug|x64.Build.0 = Debug|x64
		{18B0ECB4-6EDC-4A51-B05E-2FBAA95EED3A}.Debug|x86.ActiveCfg = Debug|Win32
		{18B0ECB4-6EDC-4A51-B05E-2FBAA95EED3A}.Debug|x86.Build.0 = Debug|Win32
		{18B0ECB4-6EDC-4A51-B05E-2FBAA95EED3A}.Release|x64.ActiveCfg = Release|x64
		{18B0ECB4-6EDC-4A51-B05E-2FBAA95EED3A}.Release|x64.Build.0 = Release|x64
		{18B0ECB4-6EDC-4A51-B05E-2FBAA95EED3A}.Release|x86.ActiveCfg = Release|Win32
		{18B0ECB4-6EDC-4A51-B05E-2FBAA95EED3A}.Release|x86.Build.0 = Release|Win32
		{2BDFD77F-BFE8-427F-A2A6-4B64CBF4712C}.Debug|x64.ActiveCfg = Debug|x64
		{2BDFD77F-BFE8-427F-A2A6-4B64CBF4712C}.Debug|x64.Build.0 = Debug|x64
		{2BDFD77F-BFE8-427F-A2A6-4B64CBF4712C}.Debug|x86.ActiveCfg = Debug|Win32
		{2BDFD77F-BFE8-427F-A2A6-4B64CBF4712C}.Debug|x86.Build.0 = Debug|Win32
		{2BDFD77F-BFE8-427F-A2A6-4B64CBF4712C}.Release|x64.ActiveCfg = Release|x64
		{2BDFD77F-BFE8-427F-A2A6-4B64CBF4712C}.Release|x64.Build.0 = Release|x64
		{2BDFD77F-BFE8-427F-A2A6-4B64CBF4712C}.Release|x86.ActiveCfg = Release|Win32
		{2BDFD77F-BFE8-427F-A2A6-4B64CBF4712C}.Release|x86.Build.0 = Release|Win32
	EndGlobalSection
	GlobalSection(SolutionProperties) = preSolution
		HideSolutionNode = FALSE
	EndGlobalSection
	GlobalSection(ExtensibilityGlobals) = postSolution
		SolutionGuid = {64F826F5-4DF6-424B-97F9-75FDD9FCD70B}
	EndGlobalSection
EndGlobal
